// !$*UTF8*$!
{
	archiveVersion = 1;
	classes = {
	};
	objectVersion = 56;
	objects = {

/* Begin PBXBuildFile section */
		FE077C132B49246C004B2397 /* GameContainer.xcdatamodeld in Sources */ = {isa = PBXBuildFile; fileRef = FE077C112B49246C004B2397 /* GameContainer.xcdatamodeld */; };
		FE077C172B49270D004B2397 /* CoreDataViewModel.swift in Sources */ = {isa = PBXBuildFile; fileRef = FE077C162B49270D004B2397 /* CoreDataViewModel.swift */; };
		FE077C192B49291D004B2397 /* FavoriteView.swift in Sources */ = {isa = PBXBuildFile; fileRef = FE077C182B49291D004B2397 /* FavoriteView.swift */; };
		FE5D74382B466AF100A5506C /* game_appApp.swift in Sources */ = {isa = PBXBuildFile; fileRef = FE5D74372B466AF100A5506C /* game_appApp.swift */; };
		FE5D743A2B466AF100A5506C /* ContentView.swift in Sources */ = {isa = PBXBuildFile; fileRef = FE5D74392B466AF100A5506C /* ContentView.swift */; };
		FE5D743C2B466AF200A5506C /* Assets.xcassets in Resources */ = {isa = PBXBuildFile; fileRef = FE5D743B2B466AF200A5506C /* Assets.xcassets */; };
		FE5D743F2B466AF200A5506C /* Preview Assets.xcassets in Resources */ = {isa = PBXBuildFile; fileRef = FE5D743E2B466AF200A5506C /* Preview Assets.xcassets */; };
		FE5D74472B466D0400A5506C /* GameModel.swift in Sources */ = {isa = PBXBuildFile; fileRef = FE5D74462B466D0400A5506C /* GameModel.swift */; };
		FE5D744A2B466D6300A5506C /* MainView.swift in Sources */ = {isa = PBXBuildFile; fileRef = FE5D74492B466D6300A5506C /* MainView.swift */; };
		FE5D744D2B4671AB00A5506C /* GameComponent.swift in Sources */ = {isa = PBXBuildFile; fileRef = FE5D744C2B4671AB00A5506C /* GameComponent.swift */; };
		FE5D744F2B46752B00A5506C /* HomeView.swift in Sources */ = {isa = PBXBuildFile; fileRef = FE5D744E2B46752B00A5506C /* HomeView.swift */; };
		FE5D74512B46753500A5506C /* ProfileView.swift in Sources */ = {isa = PBXBuildFile; fileRef = FE5D74502B46753500A5506C /* ProfileView.swift */; };
		FE5D74532B4676A700A5506C /* GameViewModel.swift in Sources */ = {isa = PBXBuildFile; fileRef = FE5D74522B4676A700A5506C /* GameViewModel.swift */; };
		FE5D74552B467C0300A5506C /* GameDetailView.swift in Sources */ = {isa = PBXBuildFile; fileRef = FE5D74542B467C0300A5506C /* GameDetailView.swift */; };
		FE5D745F2B4693BC00A5506C /* DetailGameModel.swift in Sources */ = {isa = PBXBuildFile; fileRef = FE5D745E2B4693BC00A5506C /* DetailGameModel.swift */; };
/* End PBXBuildFile section */

/* Begin PBXFileReference section */
		FE077C122B49246C004B2397 /* GameContainer.xcdatamodel */ = {isa = PBXFileReference; lastKnownFileType = wrapper.xcdatamodel; path = GameContainer.xcdatamodel; sourceTree = "<group>"; };
		FE077C162B49270D004B2397 /* CoreDataViewModel.swift */ = {isa = PBXFileReference; lastKnownFileType = sourcecode.swift; path = CoreDataViewModel.swift; sourceTree = "<group>"; };
		FE077C182B49291D004B2397 /* FavoriteView.swift */ = {isa = PBXFileReference; lastKnownFileType = sourcecode.swift; path = FavoriteView.swift; sourceTree = "<group>"; };
		FE5D74342B466AF100A5506C /* game-app.app */ = {isa = PBXFileReference; explicitFileType = wrapper.application; includeInIndex = 0; path = "game-app.app"; sourceTree = BUILT_PRODUCTS_DIR; };
		FE5D74372B466AF100A5506C /* game_appApp.swift */ = {isa = PBXFileReference; lastKnownFileType = sourcecode.swift; path = game_appApp.swift; sourceTree = "<group>"; };
		FE5D74392B466AF100A5506C /* ContentView.swift */ = {isa = PBXFileReference; lastKnownFileType = sourcecode.swift; path = ContentView.swift; sourceTree = "<group>"; };
		FE5D743B2B466AF200A5506C /* Assets.xcassets */ = {isa = PBXFileReference; lastKnownFileType = folder.assetcatalog; path = Assets.xcassets; sourceTree = "<group>"; };
		FE5D743E2B466AF200A5506C /* Preview Assets.xcassets */ = {isa = PBXFileReference; lastKnownFileType = folder.assetcatalog; path = "Preview Assets.xcassets"; sourceTree = "<group>"; };
		FE5D74462B466D0400A5506C /* GameModel.swift */ = {isa = PBXFileReference; lastKnownFileType = sourcecode.swift; path = GameModel.swift; sourceTree = "<group>"; };
		FE5D74492B466D6300A5506C /* MainView.swift */ = {isa = PBXFileReference; lastKnownFileType = sourcecode.swift; path = MainView.swift; sourceTree = "<group>"; };
		FE5D744C2B4671AB00A5506C /* GameComponent.swift */ = {isa = PBXFileReference; lastKnownFileType = sourcecode.swift; path = GameComponent.swift; sourceTree = "<group>"; };
		FE5D744E2B46752B00A5506C /* HomeView.swift */ = {isa = PBXFileReference; lastKnownFileType = sourcecode.swift; path = HomeView.swift; sourceTree = "<group>"; };
		FE5D74502B46753500A5506C /* ProfileView.swift */ = {isa = PBXFileReference; lastKnownFileType = sourcecode.swift; path = ProfileView.swift; sourceTree = "<group>"; };
		FE5D74522B4676A700A5506C /* GameViewModel.swift */ = {isa = PBXFileReference; lastKnownFileType = sourcecode.swift; path = GameViewModel.swift; sourceTree = "<group>"; };
		FE5D74542B467C0300A5506C /* GameDetailView.swift */ = {isa = PBXFileReference; lastKnownFileType = sourcecode.swift; path = GameDetailView.swift; sourceTree = "<group>"; };
		FE5D745E2B4693BC00A5506C /* DetailGameModel.swift */ = {isa = PBXFileReference; lastKnownFileType = sourcecode.swift; path = DetailGameModel.swift; sourceTree = "<group>"; };
/* End PBXFileReference section */

/* Begin PBXFrameworksBuildPhase section */
		FE5D74312B466AF100A5506C /* Frameworks */ = {
			isa = PBXFrameworksBuildPhase;
			buildActionMask = 2147483647;
			files = (
			);
			runOnlyForDeploymentPostprocessing = 0;
		};
/* End PBXFrameworksBuildPhase section */

/* Begin PBXGroup section */
		FE5D742B2B466AF100A5506C = {
			isa = PBXGroup;
			children = (
				FE5D74362B466AF100A5506C /* game-app */,
				FE5D74352B466AF100A5506C /* Products */,
			);
			sourceTree = "<group>";
		};
		FE5D74352B466AF100A5506C /* Products */ = {
			isa = PBXGroup;
			children = (
				FE5D74342B466AF100A5506C /* game-app.app */,
			);
			name = Products;
			sourceTree = "<group>";
		};
		FE5D74362B466AF100A5506C /* game-app */ = {
			isa = PBXGroup;
			children = (
				FE5D744B2B46719A00A5506C /* Components */,
				FE5D74482B466D4000A5506C /* ViewModel */,
				FE5D74452B466CF800A5506C /* Models */,
				FE5D74372B466AF100A5506C /* game_appApp.swift */,
				FE5D74502B46753500A5506C /* ProfileView.swift */,
				FE5D744E2B46752B00A5506C /* HomeView.swift */,
				FE5D74492B466D6300A5506C /* MainView.swift */,
				FE5D74542B467C0300A5506C /* GameDetailView.swift */,
				FE077C182B49291D004B2397 /* FavoriteView.swift */,
				FE5D74392B466AF100A5506C /* ContentView.swift */,
				FE5D743B2B466AF200A5506C /* Assets.xcassets */,
				FE5D743D2B466AF200A5506C /* Preview Content */,
				FE077C112B49246C004B2397 /* GameContainer.xcdatamodeld */,
			);
			path = "game-app";
			sourceTree = "<group>";
		};
		FE5D743D2B466AF200A5506C /* Preview Content */ = {
			isa = PBXGroup;
			children = (
				FE5D743E2B466AF200A5506C /* Preview Assets.xcassets */,
			);
			path = "Preview Content";
			sourceTree = "<group>";
		};
		FE5D74452B466CF800A5506C /* Models */ = {
			isa = PBXGroup;
			children = (
				FE5D74462B466D0400A5506C /* GameModel.swift */,
				FE5D745E2B4693BC00A5506C /* DetailGameModel.swift */,
			);
			path = Models;
			sourceTree = "<group>";
		};
		FE5D74482B466D4000A5506C /* ViewModel */ = {
			isa = PBXGroup;
			children = (
				FE5D74522B4676A700A5506C /* GameViewModel.swift */,
				FE077C162B49270D004B2397 /* CoreDataViewModel.swift */,
			);
			path = ViewModel;
			sourceTree = "<group>";
		};
		FE5D744B2B46719A00A5506C /* Components */ = {
			isa = PBXGroup;
			children = (
				FE5D744C2B4671AB00A5506C /* GameComponent.swift */,
			);
			path = Components;
			sourceTree = "<group>";
		};
/* End PBXGroup section */

/* Begin PBXNativeTarget section */
		FE5D74332B466AF100A5506C /* game-app */ = {
			isa = PBXNativeTarget;
			buildConfigurationList = FE5D74422B466AF200A5506C /* Build configuration list for PBXNativeTarget "game-app" */;
			buildPhases = (
				FE5D74302B466AF100A5506C /* Sources */,
				FE5D74312B466AF100A5506C /* Frameworks */,
				FE5D74322B466AF100A5506C /* Resources */,
			);
			buildRules = (
			);
			dependencies = (
			);
			name = "game-app";
			productName = "game-app";
			productReference = FE5D74342B466AF100A5506C /* game-app.app */;
			productType = "com.apple.product-type.application";
		};
/* End PBXNativeTarget section */

/* Begin PBXProject section */
		FE5D742C2B466AF100A5506C /* Project object */ = {
			isa = PBXProject;
			attributes = {
				BuildIndependentTargetsInParallel = 1;
				LastSwiftUpdateCheck = 1430;
				LastUpgradeCheck = 1430;
				TargetAttributes = {
					FE5D74332B466AF100A5506C = {
						CreatedOnToolsVersion = 14.3;
					};
				};
			};
			buildConfigurationList = FE5D742F2B466AF100A5506C /* Build configuration list for PBXProject "game-app" */;
			compatibilityVersion = "Xcode 14.0";
			developmentRegion = en;
			hasScannedForEncodings = 0;
			knownRegions = (
				en,
				Base,
			);
			mainGroup = FE5D742B2B466AF100A5506C;
			productRefGroup = FE5D74352B466AF100A5506C /* Products */;
			projectDirPath = "";
			projectRoot = "";
			targets = (
				FE5D74332B466AF100A5506C /* game-app */,
			);
		};
/* End PBXProject section */

/* Begin PBXResourcesBuildPhase section */
		FE5D74322B466AF100A5506C /* Resources */ = {
			isa = PBXResourcesBuildPhase;
			buildActionMask = 2147483647;
			files = (
				FE5D743F2B466AF200A5506C /* Preview Assets.xcassets in Resources */,
				FE5D743C2B466AF200A5506C /* Assets.xcassets in Resources */,
			);
			runOnlyForDeploymentPostprocessing = 0;
		};
/* End PBXResourcesBuildPhase section */

/* Begin PBXSourcesBuildPhase section */
		FE5D74302B466AF100A5506C /* Sources */ = {
			isa = PBXSourcesBuildPhase;
			buildActionMask = 2147483647;
			files = (
				FE5D745F2B4693BC00A5506C /* DetailGameModel.swift in Sources */,
				FE077C172B49270D004B2397 /* CoreDataViewModel.swift in Sources */,
				FE5D743A2B466AF100A5506C /* ContentView.swift in Sources */,
				FE5D744A2B466D6300A5506C /* MainView.swift in Sources */,
				FE5D744D2B4671AB00A5506C /* GameComponent.swift in Sources */,
				FE077C132B49246C004B2397 /* GameContainer.xcdatamodeld in Sources */,
				FE5D744F2B46752B00A5506C /* HomeView.swift in Sources */,
				FE5D74532B4676A700A5506C /* GameViewModel.swift in Sources */,
				FE077C192B49291D004B2397 /* FavoriteView.swift in Sources */,
				FE5D74382B466AF100A5506C /* game_appApp.swift in Sources */,
				FE5D74552B467C0300A5506C /* GameDetailView.swift in Sources */,
				FE5D74512B46753500A5506C /* ProfileView.swift in Sources */,
				FE5D74472B466D0400A5506C /* GameModel.swift in Sources */,
			);
			runOnlyForDeploymentPostprocessing = 0;
		};
/* End PBXSourcesBuildPhase section */

/* Begin XCBuildConfiguration section */
		FE5D74402B466AF200A5506C /* Debug */ = {
			isa = XCBuildConfiguration;
			buildSettings = {
				ALWAYS_SEARCH_USER_PATHS = NO;
				CLANG_ANALYZER_NONNULL = YES;
				CLANG_ANALYZER_NUMBER_OBJECT_CONVERSION = YES_AGGRESSIVE;
				CLANG_CXX_LANGUAGE_STANDARD = "gnu++20";
				CLANG_ENABLE_MODULES = YES;
				CLANG_ENABLE_OBJC_ARC = YES;
				CLANG_ENABLE_OBJC_WEAK = YES;
				CLANG_WARN_BLOCK_CAPTURE_AUTORELEASING = YES;
				CLANG_WARN_BOOL_CONVERSION = YES;
				CLANG_WARN_COMMA = YES;
				CLANG_WARN_CONSTANT_CONVERSION = YES;
				CLANG_WARN_DEPRECATED_OBJC_IMPLEMENTATIONS = YES;
				CLANG_WARN_DIRECT_OBJC_ISA_USAGE = YES_ERROR;
				CLANG_WARN_DOCUMENTATION_COMMENTS = YES;
				CLANG_WARN_EMPTY_BODY = YES;
				CLANG_WARN_ENUM_CONVERSION = YES;
				CLANG_WARN_INFINITE_RECURSION = YES;
				CLANG_WARN_INT_CONVERSION = YES;
				CLANG_WARN_NON_LITERAL_NULL_CONVERSION = YES;
				CLANG_WARN_OBJC_IMPLICIT_RETAIN_SELF = YES;
				CLANG_WARN_OBJC_LITERAL_CONVERSION = YES;
				CLANG_WARN_OBJC_ROOT_CLASS = YES_ERROR;
				CLANG_WARN_QUOTED_INCLUDE_IN_FRAMEWORK_HEADER = YES;
				CLANG_WARN_RANGE_LOOP_ANALYSIS = YES;
				CLANG_WARN_STRICT_PROTOTYPES = YES;
				CLANG_WARN_SUSPICIOUS_MOVE = YES;
				CLANG_WARN_UNGUARDED_AVAILABILITY = YES_AGGRESSIVE;
				CLANG_WARN_UNREACHABLE_CODE = YES;
				CLANG_WARN__DUPLICATE_METHOD_MATCH = YES;
				COPY_PHASE_STRIP = NO;
				DEBUG_INFORMATION_FORMAT = dwarf;
				ENABLE_STRICT_OBJC_MSGSEND = YES;
				ENABLE_TESTABILITY = YES;
				GCC_C_LANGUAGE_STANDARD = gnu11;
				GCC_DYNAMIC_NO_PIC = NO;
				GCC_NO_COMMON_BLOCKS = YES;
				GCC_OPTIMIZATION_LEVEL = 0;
				GCC_PREPROCESSOR_DEFINITIONS = (
					"DEBUG=1",
					"$(inherited)",
				);
				GCC_WARN_64_TO_32_BIT_CONVERSION = YES;
				GCC_WARN_ABOUT_RETURN_TYPE = YES_ERROR;
				GCC_WARN_UNDECLARED_SELECTOR = YES;
				GCC_WARN_UNINITIALIZED_AUTOS = YES_AGGRESSIVE;
				GCC_WARN_UNUSED_FUNCTION = YES;
				GCC_WARN_UNUSED_VARIABLE = YES;
				IPHONEOS_DEPLOYMENT_TARGET = 16.4;
				MTL_ENABLE_DEBUG_INFO = INCLUDE_SOURCE;
				MTL_FAST_MATH = YES;
				ONLY_ACTIVE_ARCH = YES;
				SDKROOT = iphoneos;
				SWIFT_ACTIVE_COMPILATION_CONDITIONS = DEBUG;
				SWIFT_OPTIMIZATION_LEVEL = "-Onone";
			};
			name = Debug;
		};
		FE5D74412B466AF200A5506C /* Release */ = {
			isa = XCBuildConfiguration;
			buildSettings = {
				ALWAYS_SEARCH_USER_PATHS = NO;
				CLANG_ANALYZER_NONNULL = YES;
				CLANG_ANALYZER_NUMBER_OBJECT_CONVERSION = YES_AGGRESSIVE;
				CLANG_CXX_LANGUAGE_STANDARD = "gnu++20";
				CLANG_ENABLE_MODULES = YES;
				CLANG_ENABLE_OBJC_ARC = YES;
				CLANG_ENABLE_OBJC_WEAK = YES;
				CLANG_WARN_BLOCK_CAPTURE_AUTORELEASING = YES;
				CLANG_WARN_BOOL_CONVERSION = YES;
				CLANG_WARN_COMMA = YES;
				CLANG_WARN_CONSTANT_CONVERSION = YES;
				CLANG_WARN_DEPRECATED_OBJC_IMPLEMENTATIONS = YES;
				CLANG_WARN_DIRECT_OBJC_ISA_USAGE = YES_ERROR;
				CLANG_WARN_DOCUMENTATION_COMMENTS = YES;
				CLANG_WARN_EMPTY_BODY = YES;
				CLANG_WARN_ENUM_CONVERSION = YES;
				CLANG_WARN_INFINITE_RECURSION = YES;
				CLANG_WARN_INT_CONVERSION = YES;
				CLANG_WARN_NON_LITERAL_NULL_CONVERSION = YES;
				CLANG_WARN_OBJC_IMPLICIT_RETAIN_SELF = YES;
				CLANG_WARN_OBJC_LITERAL_CONVERSION = YES;
				CLANG_WARN_OBJC_ROOT_CLASS = YES_ERROR;
				CLANG_WARN_QUOTED_INCLUDE_IN_FRAMEWORK_HEADER = YES;
				CLANG_WARN_RANGE_LOOP_ANALYSIS = YES;
				CLANG_WARN_STRICT_PROTOTYPES = YES;
				CLANG_WARN_SUSPICIOUS_MOVE = YES;
				CLANG_WARN_UNGUARDED_AVAILABILITY = YES_AGGRESSIVE;
				CLANG_WARN_UNREACHABLE_CODE = YES;
				CLANG_WARN__DUPLICATE_METHOD_MATCH = YES;
				COPY_PHASE_STRIP = NO;
				DEBUG_INFORMATION_FORMAT = "dwarf-with-dsym";
				ENABLE_NS_ASSERTIONS = NO;
				ENABLE_STRICT_OBJC_MSGSEND = YES;
				GCC_C_LANGUAGE_STANDARD = gnu11;
				GCC_NO_COMMON_BLOCKS = YES;
				GCC_WARN_64_TO_32_BIT_CONVERSION = YES;
				GCC_WARN_ABOUT_RETURN_TYPE = YES_ERROR;
				GCC_WARN_UNDECLARED_SELECTOR = YES;
				GCC_WARN_UNINITIALIZED_AUTOS = YES_AGGRESSIVE;
				GCC_WARN_UNUSED_FUNCTION = YES;
				GCC_WARN_UNUSED_VARIABLE = YES;
				IPHONEOS_DEPLOYMENT_TARGET = 16.4;
				MTL_ENABLE_DEBUG_INFO = NO;
				MTL_FAST_MATH = YES;
				SDKROOT = iphoneos;
				SWIFT_COMPILATION_MODE = wholemodule;
				SWIFT_OPTIMIZATION_LEVEL = "-O";
				VALIDATE_PRODUCT = YES;
			};
			name = Release;
		};
		FE5D74432B466AF200A5506C /* Debug */ = {
			isa = XCBuildConfiguration;
			buildSettings = {
				ASSETCATALOG_COMPILER_APPICON_NAME = AppIcon;
				ASSETCATALOG_COMPILER_GLOBAL_ACCENT_COLOR_NAME = AccentColor;
				CODE_SIGN_STYLE = Automatic;
				CURRENT_PROJECT_VERSION = 1;
				DEVELOPMENT_ASSET_PATHS = "\"game-app/Preview Content\"";
				ENABLE_PREVIEWS = YES;
				GENERATE_INFOPLIST_FILE = YES;
				INFOPLIST_KEY_UIApplicationSceneManifest_Generation = YES;
				INFOPLIST_KEY_UIApplicationSupportsIndirectInputEvents = YES;
				INFOPLIST_KEY_UILaunchScreen_Generation = YES;
				INFOPLIST_KEY_UISupportedInterfaceOrientations_iPad = "UIInterfaceOrientationPortrait UIInterfaceOrientationPortraitUpsideDown UIInterfaceOrientationLandscapeLeft UIInterfaceOrientationLandscapeRight";
				INFOPLIST_KEY_UISupportedInterfaceOrientations_iPhone = "UIInterfaceOrientationPortrait UIInterfaceOrientationLandscapeLeft UIInterfaceOrientationLandscapeRight";
				LD_RUNPATH_SEARCH_PATHS = (
					"$(inherited)",
					"@executable_path/Frameworks",
				);
				MARKETING_VERSION = 1.0;
				PRODUCT_BUNDLE_IDENTIFIER = "com.magistraapta.game-app";
				PRODUCT_NAME = "$(TARGET_NAME)";
				SWIFT_EMIT_LOC_STRINGS = YES;
				SWIFT_VERSION = 5.0;
				TARGETED_DEVICE_FAMILY = "1,2";
			};
			name = Debug;
		};
		FE5D74442B466AF200A5506C /* Release */ = {
			isa = XCBuildConfiguration;
			buildSettings = {
				ASSETCATALOG_COMPILER_APPICON_NAME = AppIcon;
				ASSETCATALOG_COMPILER_GLOBAL_ACCENT_COLOR_NAME = AccentColor;
				CODE_SIGN_STYLE = Automatic;
				CURRENT_PROJECT_VERSION = 1;
				DEVELOPMENT_ASSET_PATHS = "\"game-app/Preview Content\"";
				ENABLE_PREVIEWS = YES;
				GENERATE_INFOPLIST_FILE = YES;
				INFOPLIST_KEY_UIApplicationSceneManifest_Generation = YES;
				INFOPLIST_KEY_UIApplicationSupportsIndirectInputEvents = YES;
				INFOPLIST_KEY_UILaunchScreen_Generation = YES;
				INFOPLIST_KEY_UISupportedInterfaceOrientations_iPad = "UIInterfaceOrientationPortrait UIInterfaceOrientationPortraitUpsideDown UIInterfaceOrientationLandscapeLeft UIInterfaceOrientationLandscapeRight";
				INFOPLIST_KEY_UISupportedInterfaceOrientations_iPhone = "UIInterfaceOrientationPortrait UIInterfaceOrientationLandscapeLeft UIInterfaceOrientationLandscapeRight";
				LD_RUNPATH_SEARCH_PATHS = (
					"$(inherited)",
					"@executable_path/Frameworks",
				);
				MARKETING_VERSION = 1.0;
				PRODUCT_BUNDLE_IDENTIFIER = "com.magistraapta.game-app";
				PRODUCT_NAME = "$(TARGET_NAME)";
				SWIFT_EMIT_LOC_STRINGS = YES;
				SWIFT_VERSION = 5.0;
				TARGETED_DEVICE_FAMILY = "1,2";
			};
			name = Release;
		};
/* End XCBuildConfiguration section */

/* Begin XCConfigurationList section */
		FE5D742F2B466AF100A5506C /* Build configuration list for PBXProject "game-app" */ = {
			isa = XCConfigurationList;
			buildConfigurations = (
				FE5D74402B466AF200A5506C /* Debug */,
				FE5D74412B466AF200A5506C /* Release */,
			);
			defaultConfigurationIsVisible = 0;
			defaultConfigurationName = Release;
		};
		FE5D74422B466AF200A5506C /* Build configuration list for PBXNativeTarget "game-app" */ = {
			isa = XCConfigurationList;
			buildConfigurations = (
				FE5D74432B466AF200A5506C /* Debug */,
				FE5D74442B466AF200A5506C /* Release */,
			);
			defaultConfigurationIsVisible = 0;
			defaultConfigurationName = Release;
		};
/* End XCConfigurationList section */

/* Begin XCVersionGroup section */
		FE077C112B49246C004B2397 /* GameContainer.xcdatamodeld */ = {
			isa = XCVersionGroup;
			children = (
				FE077C122B49246C004B2397 /* GameContainer.xcdatamodel */,
			);
			currentVersion = FE077C122B49246C004B2397 /* GameContainer.xcdatamodel */;
			path = GameContainer.xcdatamodeld;
			sourceTree = "<group>";
			versionGroupType = wrapper.xcdatamodel;
		};
/* End XCVersionGroup section */
	};
	rootObject = FE5D742C2B466AF100A5506C /* Project object */;
}
